
Microsoft Visual Studio Solution File, Format Version 12.00
# Visual Studio 2017
Project("{FAE04EC0-301F-11D3-BF4B-00C04F79EFBC}") = "Anything Goes", "Anything Goes.csproj", "{EBE9B2A3-C760-8A68-0237-1A25A56D70CC}"
EndProject
Global
	GlobalSection(SolutionConfigurationPlatforms) = preSolution
		Debug|Any CPU = Debug|Any CPU
		Release|Any CPU = Release|Any CPU
	EndGlobalSection
	GlobalSection(ProjectConfigurationPlatforms) = postSolution
		{EBE9B2A3-C760-8A68-0237-1A25A56D70CC}.Debug|Any CPU.ActiveCfg = Debug|Any CPU
		{EBE9B2A3-C760-8A68-0237-1A25A56D70CC}.Debug|Any CPU.Build.0 = Debug|Any CPU
		{EBE9B2A3-C760-8A68-0237-1A25A56D70CC}.Release|Any CPU.ActiveCfg = Release|Any CPU
		{EBE9B2A3-C760-8A68-0237-1A25A56D70CC}.Release|Any CPU.Build.0 = Release|Any CPU
	EndGlobalSection
	GlobalSection(SolutionProperties) = preSolution
		HideSolutionNode = FALSE
	EndGlobalSection
EndGlobal
